
Microsoft Visual Studio Solution File, Format Version 12.00
# Visual Studio Version 17
VisualStudioVersion = 17.10.35027.167
MinimumVisualStudioVersion = 10.0.40219.1
Project("{9A19103F-16F7-4668-BE54-9A1E7A4F7556}") = "WEB", "WEB\WEB.csproj", "{51AEDA77-54D1-40E4-A791-89A9A557FE04}"
EndProject
Project("{FAE04EC0-301F-11D3-BF4B-00C04F79EFBC}") = "DAL", "DAL\DAL.csproj", "{6A60DCE7-CB09-4ABF-9DBE-092D159E6C15}"
EndProject
Project("{FAE04EC0-301F-11D3-BF4B-00C04F79EFBC}") = "BLL", "BLL\BLL.csproj", "{CA6D52BD-00DB-485A-82B8-66A91EA9A519}"
EndProject
Global
	GlobalSection(SolutionConfigurationPlatforms) = preSolution
		Debug|Any CPU = Debug|Any CPU
		Release|Any CPU = Release|Any CPU
	EndGlobalSection
	GlobalSection(ProjectConfigurationPlatforms) = postSolution
		{51AEDA77-54D1-40E4-A791-89A9A557FE04}.Debug|Any CPU.ActiveCfg = Debug|Any CPU
		{51AEDA77-54D1-40E4-A791-89A9A557FE04}.Debug|Any CPU.Build.0 = Debug|Any CPU
		{51AEDA77-54D1-40E4-A791-89A9A557FE04}.Release|Any CPU.ActiveCfg = Release|Any CPU
		{51AEDA77-54D1-40E4-A791-89A9A557FE04}.Release|Any CPU.Build.0 = Release|Any CPU
		{6A60DCE7-CB09-4ABF-9DBE-092D159E6C15}.Debug|Any CPU.ActiveCfg = Debug|Any CPU
		{6A60DCE7-CB09-4ABF-9DBE-092D159E6C15}.Debug|Any CPU.Build.0 = Debug|Any CPU
		{6A60DCE7-CB09-4ABF-9DBE-092D159E6C15}.Release|Any CPU.ActiveCfg = Release|Any CPU
		{6A60DCE7-CB09-4ABF-9DBE-092D159E6C15}.Release|Any CPU.Build.0 = Release|Any CPU
		{CA6D52BD-00DB-485A-82B8-66A91EA9A519}.Debug|Any CPU.ActiveCfg = Debug|Any CPU
		{CA6D52BD-00DB-485A-82B8-66A91EA9A519}.Debug|Any CPU.Build.0 = Debug|Any CPU
		{CA6D52BD-00DB-485A-82B8-66A91EA9A519}.Release|Any CPU.ActiveCfg = Release|Any CPU
		{CA6D52BD-00DB-485A-82B8-66A91EA9A519}.Release|Any CPU.Build.0 = Release|Any CPU
	EndGlobalSection
	GlobalSection(SolutionProperties) = preSolution
		HideSolutionNode = FALSE
	EndGlobalSection
	GlobalSection(ExtensibilityGlobals) = postSolution
		SolutionGuid = {737229BB-C91A-425D-B399-6BC222B1F87F}
	EndGlobalSection
EndGlobal
